
Microsoft Visual Studio Solution File, Format Version 12.00
# Visual Studio Version 17
VisualStudioVersion = 17.5.002.0
MinimumVisualStudioVersion = 10.0.40219.1
Project("{2150E333-8FDC-42A3-9474-1A3956D46DE8}") = "src", "src", "{2C3E3066-A6B4-46E8-A7DC-9292788EB4B6}"
EndProject
Project("{9A19103F-16F7-4668-BE54-9A1E7A4F7556}") = "backend", "src\backend\backend.csproj", "{8FD57EF0-F12A-4108-8FBE-5A7231D788A9}"
EndProject
Global
	GlobalSection(SolutionConfigurationPlatforms) = preSolution
		Debug|Any CPU = Debug|Any CPU
		Release|Any CPU = Release|Any CPU
	EndGlobalSection
	GlobalSection(ProjectConfigurationPlatforms) = postSolution
		{8FD57EF0-F12A-4108-8FBE-5A7231D788A9}.Debug|Any CPU.ActiveCfg = Debug|Any CPU
		{8FD57EF0-F12A-4108-8FBE-5A7231D788A9}.Debug|Any CPU.Build.0 = Debug|Any CPU
		{8FD57EF0-F12A-4108-8FBE-5A7231D788A9}.Release|Any CPU.ActiveCfg = Release|Any CPU
		{8FD57EF0-F12A-4108-8FBE-5A7231D788A9}.Release|Any CPU.Build.0 = Release|Any CPU
	EndGlobalSection
	GlobalSection(SolutionProperties) = preSolution
		HideSolutionNode = FALSE
	EndGlobalSection
	GlobalSection(NestedProjects) = preSolution
		{8FD57EF0-F12A-4108-8FBE-5A7231D788A9} = {2C3E3066-A6B4-46E8-A7DC-9292788EB4B6}
	EndGlobalSection
	GlobalSection(ExtensibilityGlobals) = postSolution
		SolutionGuid = {8B06FE2D-693D-4A21-92D9-010FB9334E3E}
	EndGlobalSection
EndGlobal
